{
  "version": 4,
  "terraform_version": "1.7.5",
  "serial": 199,
  "lineage": "3ad7e330-7ead-89d4-43cb-030330aa4955",
  "outputs": {
    "autoscaling": {
      "value": {
        "autoscaling_group_arn": "arn:aws:autoscaling:us-east-1:339712925683:autoScalingGroup:fb6f548f-9de0-4da4-96b1-aa9630d0ae38:autoScalingGroupName/asg-20240423102847065900000006",
        "autoscaling_group_availability_zones": [
          "us-east-1a",
          "us-east-1b",
          "us-east-1c"
        ],
        "autoscaling_group_default_cooldown": 300,
        "autoscaling_group_desired_capacity": 1,
        "autoscaling_group_enabled_metrics": null,
        "autoscaling_group_health_check_grace_period": 300,
        "autoscaling_group_health_check_type": "EC2",
        "autoscaling_group_id": "asg-20240423102847065900000006",
        "autoscaling_group_load_balancers": [],
        "autoscaling_group_max_size": 3,
        "autoscaling_group_min_size": 1,
        "autoscaling_group_name": "asg-20240423102847065900000006",
        "autoscaling_group_target_group_arns": [],
        "autoscaling_group_vpc_zone_identifier": [
          "subnet-047c4d504b782baba",
          "subnet-096bbb5bf3cae8044",
          "subnet-0ae4962ffed7c183e"
        ],
        "autoscaling_policy_arns": {},
        "autoscaling_schedule_arns": {},
        "iam_instance_profile_arn": null,
        "iam_instance_profile_id": null,
        "iam_instance_profile_unique": null,
        "iam_role_arn": null,
        "iam_role_name": null,
        "iam_role_unique_id": null,
        "launch_template_arn": "arn:aws:ec2:us-east-1:339712925683:launch-template/lt-0bd15a82ff64825d3",
        "launch_template_default_version": 1,
        "launch_template_id": "lt-0bd15a82ff64825d3",
        "launch_template_latest_version": 1,
        "launch_template_name": "asg-20240423102830346800000001"
      },
      "type": [
        "object",
        {
          "autoscaling_group_arn": "string",
          "autoscaling_group_availability_zones": [
            "set",
            "string"
          ],
          "autoscaling_group_default_cooldown": "number",
          "autoscaling_group_desired_capacity": "number",
          "autoscaling_group_enabled_metrics": [
            "set",
            "string"
          ],
          "autoscaling_group_health_check_grace_period": "number",
          "autoscaling_group_health_check_type": "string",
          "autoscaling_group_id": "string",
          "autoscaling_group_load_balancers": [
            "set",
            "string"
          ],
          "autoscaling_group_max_size": "number",
          "autoscaling_group_min_size": "number",
          "autoscaling_group_name": "string",
          "autoscaling_group_target_group_arns": [
            "set",
            "string"
          ],
          "autoscaling_group_vpc_zone_identifier": [
            "set",
            "string"
          ],
          "autoscaling_policy_arns": [
            "object",
            {}
          ],
          "autoscaling_schedule_arns": [
            "object",
            {}
          ],
          "iam_instance_profile_arn": "string",
          "iam_instance_profile_id": "dynamic",
          "iam_instance_profile_unique": "dynamic",
          "iam_role_arn": "dynamic",
          "iam_role_name": "dynamic",
          "iam_role_unique_id": "dynamic",
          "launch_template_arn": "string",
          "launch_template_default_version": "number",
          "launch_template_id": "string",
          "launch_template_latest_version": "number",
          "launch_template_name": "string"
        }
      ]
    },
    "ec2": {
      "value": {
        "autoscaling_group_arn": "arn:aws:autoscaling:us-east-1:339712925683:autoScalingGroup:fb6f548f-9de0-4da4-96b1-aa9630d0ae38:autoScalingGroupName/asg-20240423102847065900000006",
        "autoscaling_group_availability_zones": [
          "us-east-1a",
          "us-east-1b",
          "us-east-1c"
        ],
        "autoscaling_group_default_cooldown": 300,
        "autoscaling_group_desired_capacity": 1,
        "autoscaling_group_enabled_metrics": null,
        "autoscaling_group_health_check_grace_period": 300,
        "autoscaling_group_health_check_type": "EC2",
        "autoscaling_group_id": "asg-20240423102847065900000006",
        "autoscaling_group_load_balancers": [],
        "autoscaling_group_max_size": 3,
        "autoscaling_group_min_size": 1,
        "autoscaling_group_name": "asg-20240423102847065900000006",
        "autoscaling_group_target_group_arns": [],
        "autoscaling_group_vpc_zone_identifier": [
          "subnet-047c4d504b782baba",
          "subnet-096bbb5bf3cae8044",
          "subnet-0ae4962ffed7c183e"
        ],
        "autoscaling_policy_arns": {},
        "autoscaling_schedule_arns": {},
        "iam_instance_profile_arn": null,
        "iam_instance_profile_id": null,
        "iam_instance_profile_unique": null,
        "iam_role_arn": null,
        "iam_role_name": null,
        "iam_role_unique_id": null,
        "launch_template_arn": "arn:aws:ec2:us-east-1:339712925683:launch-template/lt-0bd15a82ff64825d3",
        "launch_template_default_version": 1,
        "launch_template_id": "lt-0bd15a82ff64825d3",
        "launch_template_latest_version": 1,
        "launch_template_name": "asg-20240423102830346800000001"
      },
      "type": [
        "object",
        {
          "autoscaling_group_arn": "string",
          "autoscaling_group_availability_zones": [
            "set",
            "string"
          ],
          "autoscaling_group_default_cooldown": "number",
          "autoscaling_group_desired_capacity": "number",
          "autoscaling_group_enabled_metrics": [
            "set",
            "string"
          ],
          "autoscaling_group_health_check_grace_period": "number",
          "autoscaling_group_health_check_type": "string",
          "autoscaling_group_id": "string",
          "autoscaling_group_load_balancers": [
            "set",
            "string"
          ],
          "autoscaling_group_max_size": "number",
          "autoscaling_group_min_size": "number",
          "autoscaling_group_name": "string",
          "autoscaling_group_target_group_arns": [
            "set",
            "string"
          ],
          "autoscaling_group_vpc_zone_identifier": [
            "set",
            "string"
          ],
          "autoscaling_policy_arns": [
            "object",
            {}
          ],
          "autoscaling_schedule_arns": [
            "object",
            {}
          ],
          "iam_instance_profile_arn": "string",
          "iam_instance_profile_id": "dynamic",
          "iam_instance_profile_unique": "dynamic",
          "iam_role_arn": "dynamic",
          "iam_role_name": "dynamic",
          "iam_role_unique_id": "dynamic",
          "launch_template_arn": "string",
          "launch_template_default_version": "number",
          "launch_template_id": "string",
          "launch_template_latest_version": "number",
          "launch_template_name": "string"
        }
      ]
    },
    "sg": {
      "value": {
        "autoscaling_group_arn": "arn:aws:autoscaling:us-east-1:339712925683:autoScalingGroup:fb6f548f-9de0-4da4-96b1-aa9630d0ae38:autoScalingGroupName/asg-20240423102847065900000006",
        "autoscaling_group_availability_zones": [
          "us-east-1a",
          "us-east-1b",
          "us-east-1c"
        ],
        "autoscaling_group_default_cooldown": 300,
        "autoscaling_group_desired_capacity": 1,
        "autoscaling_group_enabled_metrics": null,
        "autoscaling_group_health_check_grace_period": 300,
        "autoscaling_group_health_check_type": "EC2",
        "autoscaling_group_id": "asg-20240423102847065900000006",
        "autoscaling_group_load_balancers": [],
        "autoscaling_group_max_size": 3,
        "autoscaling_group_min_size": 1,
        "autoscaling_group_name": "asg-20240423102847065900000006",
        "autoscaling_group_target_group_arns": [],
        "autoscaling_group_vpc_zone_identifier": [
          "subnet-047c4d504b782baba",
          "subnet-096bbb5bf3cae8044",
          "subnet-0ae4962ffed7c183e"
        ],
        "autoscaling_policy_arns": {},
        "autoscaling_schedule_arns": {},
        "iam_instance_profile_arn": null,
        "iam_instance_profile_id": null,
        "iam_instance_profile_unique": null,
        "iam_role_arn": null,
        "iam_role_name": null,
        "iam_role_unique_id": null,
        "launch_template_arn": "arn:aws:ec2:us-east-1:339712925683:launch-template/lt-0bd15a82ff64825d3",
        "launch_template_default_version": 1,
        "launch_template_id": "lt-0bd15a82ff64825d3",
        "launch_template_latest_version": 1,
        "launch_template_name": "asg-20240423102830346800000001"
      },
      "type": [
        "object",
        {
          "autoscaling_group_arn": "string",
          "autoscaling_group_availability_zones": [
            "set",
            "string"
          ],
          "autoscaling_group_default_cooldown": "number",
          "autoscaling_group_desired_capacity": "number",
          "autoscaling_group_enabled_metrics": [
            "set",
            "string"
          ],
          "autoscaling_group_health_check_grace_period": "number",
          "autoscaling_group_health_check_type": "string",
          "autoscaling_group_id": "string",
          "autoscaling_group_load_balancers": [
            "set",
            "string"
          ],
          "autoscaling_group_max_size": "number",
          "autoscaling_group_min_size": "number",
          "autoscaling_group_name": "string",
          "autoscaling_group_target_group_arns": [
            "set",
            "string"
          ],
          "autoscaling_group_vpc_zone_identifier": [
            "set",
            "string"
          ],
          "autoscaling_policy_arns": [
            "object",
            {}
          ],
          "autoscaling_schedule_arns": [
            "object",
            {}
          ],
          "iam_instance_profile_arn": "string",
          "iam_instance_profile_id": "dynamic",
          "iam_instance_profile_unique": "dynamic",
          "iam_role_arn": "dynamic",
          "iam_role_name": "dynamic",
          "iam_role_unique_id": "dynamic",
          "launch_template_arn": "string",
          "launch_template_default_version": "number",
          "launch_template_id": "string",
          "launch_template_latest_version": "number",
          "launch_template_name": "string"
        }
      ]
    },
    "vpc": {
      "value": {
        "autoscaling_group_arn": "arn:aws:autoscaling:us-east-1:339712925683:autoScalingGroup:fb6f548f-9de0-4da4-96b1-aa9630d0ae38:autoScalingGroupName/asg-20240423102847065900000006",
        "autoscaling_group_availability_zones": [
          "us-east-1a",
          "us-east-1b",
          "us-east-1c"
        ],
        "autoscaling_group_default_cooldown": 300,
        "autoscaling_group_desired_capacity": 1,
        "autoscaling_group_enabled_metrics": null,
        "autoscaling_group_health_check_grace_period": 300,
        "autoscaling_group_health_check_type": "EC2",
        "autoscaling_group_id": "asg-20240423102847065900000006",
        "autoscaling_group_load_balancers": [],
        "autoscaling_group_max_size": 3,
        "autoscaling_group_min_size": 1,
        "autoscaling_group_name": "asg-20240423102847065900000006",
        "autoscaling_group_target_group_arns": [],
        "autoscaling_group_vpc_zone_identifier": [
          "subnet-047c4d504b782baba",
          "subnet-096bbb5bf3cae8044",
          "subnet-0ae4962ffed7c183e"
        ],
        "autoscaling_policy_arns": {},
        "autoscaling_schedule_arns": {},
        "iam_instance_profile_arn": null,
        "iam_instance_profile_id": null,
        "iam_instance_profile_unique": null,
        "iam_role_arn": null,
        "iam_role_name": null,
        "iam_role_unique_id": null,
        "launch_template_arn": "arn:aws:ec2:us-east-1:339712925683:launch-template/lt-0bd15a82ff64825d3",
        "launch_template_default_version": 1,
        "launch_template_id": "lt-0bd15a82ff64825d3",
        "launch_template_latest_version": 1,
        "launch_template_name": "asg-20240423102830346800000001"
      },
      "type": [
        "object",
        {
          "autoscaling_group_arn": "string",
          "autoscaling_group_availability_zones": [
            "set",
            "string"
          ],
          "autoscaling_group_default_cooldown": "number",
          "autoscaling_group_desired_capacity": "number",
          "autoscaling_group_enabled_metrics": [
            "set",
            "string"
          ],
          "autoscaling_group_health_check_grace_period": "number",
          "autoscaling_group_health_check_type": "string",
          "autoscaling_group_id": "string",
          "autoscaling_group_load_balancers": [
            "set",
            "string"
          ],
          "autoscaling_group_max_size": "number",
          "autoscaling_group_min_size": "number",
          "autoscaling_group_name": "string",
          "autoscaling_group_target_group_arns": [
            "set",
            "string"
          ],
          "autoscaling_group_vpc_zone_identifier": [
            "set",
            "string"
          ],
          "autoscaling_policy_arns": [
            "object",
            {}
          ],
          "autoscaling_schedule_arns": [
            "object",
            {}
          ],
          "iam_instance_profile_arn": "string",
          "iam_instance_profile_id": "dynamic",
          "iam_instance_profile_unique": "dynamic",
          "iam_role_arn": "dynamic",
          "iam_role_name": "dynamic",
          "iam_role_unique_id": "dynamic",
          "launch_template_arn": "string",
          "launch_template_default_version": "number",
          "launch_template_id": "string",
          "launch_template_latest_version": "number",
          "launch_template_name": "string"
        }
      ]
    }
  },
  "resources": [
    {
      "mode": "data",
      "type": "aws_ami",
      "name": "ami",
      "provider": "provider[\"registry.terraform.io/hashicorp/aws\"]",
      "instances": [
        {
          "schema_version": 0,
          "attributes": {
            "architecture": "x86_64",
            "arn": "arn:aws:ec2:us-east-1::image/ami-051f8a213df8bc089",
            "block_device_mappings": [
              {
                "device_name": "/dev/xvda",
                "ebs": {
                  "delete_on_termination": "true",
                  "encrypted": "false",
                  "iops": "3000",
                  "snapshot_id": "snap-029f30ded440599ba",
                  "throughput": "125",
                  "volume_size": "8",
                  "volume_type": "gp3"
                },
                "no_device": "",
                "virtual_name": ""
              }
            ],
            "boot_mode": "uefi-preferred",
            "creation_date": "2024-04-01T20:18:55.000Z",
            "deprecation_time": "2024-06-30T20:19:00.000Z",
            "description": "Amazon Linux 2023 AMI 2023.4.20240401.1 x86_64 HVM kernel-6.1",
            "ena_support": true,
            "executable_users": null,
            "filter": [
              {
                "name": "name",
                "values": [
                  "al2023-ami-2023.4.20240401.1-kernel-6.1-x86_64"
                ]
              }
            ],
            "hypervisor": "xen",
            "id": "ami-051f8a213df8bc089",
            "image_id": "ami-051f8a213df8bc089",
            "image_location": "amazon/al2023-ami-2023.4.20240401.1-kernel-6.1-x86_64",
            "image_owner_alias": "amazon",
            "image_type": "machine",
            "imds_support": "v2.0",
            "include_deprecated": false,
            "kernel_id": "",
            "most_recent": true,
            "name": "al2023-ami-2023.4.20240401.1-kernel-6.1-x86_64",
            "name_regex": null,
            "owner_id": "137112412989",
            "owners": [
              "137112412989"
            ],
            "platform": "",
            "platform_details": "Linux/UNIX",
            "product_codes": [],
            "public": true,
            "ramdisk_id": "",
            "root_device_name": "/dev/xvda",
            "root_device_type": "ebs",
            "root_snapshot_id": "snap-029f30ded440599ba",
            "sriov_net_support": "simple",
            "state": "available",
            "state_reason": {
              "code": "UNSET",
              "message": "UNSET"
            },
            "tags": {},
            "timeouts": null,
            "tpm_support": "",
            "usage_operation": "RunInstances",
            "virtualization_type": "hvm"
          },
          "sensitive_attributes": []
        }
      ]
    },
    {
      "module": "module.autoscaling",
      "mode": "data",
      "type": "aws_partition",
      "name": "current",
      "provider": "provider[\"registry.terraform.io/hashicorp/aws\"]",
      "instances": [
        {
          "schema_version": 0,
          "attributes": {
            "dns_suffix": "amazonaws.com",
            "id": "aws",
            "partition": "aws",
            "reverse_dns_prefix": "com.amazonaws"
          },
          "sensitive_attributes": []
        }
      ]
    },
    {
      "module": "module.autoscaling",
      "mode": "managed",
      "type": "aws_autoscaling_group",
      "name": "this",
      "provider": "provider[\"registry.terraform.io/hashicorp/aws\"]",
      "instances": [
        {
          "index_key": 0,
          "schema_version": 1,
          "attributes": {
            "arn": "arn:aws:autoscaling:us-east-1:339712925683:autoScalingGroup:fb6f548f-9de0-4da4-96b1-aa9630d0ae38:autoScalingGroupName/asg-20240423102847065900000006",
            "availability_zones": [
              "us-east-1a",
              "us-east-1b",
              "us-east-1c"
            ],
            "capacity_rebalance": false,
            "context": "",
            "default_cooldown": 300,
            "default_instance_warmup": 0,
            "desired_capacity": 1,
            "desired_capacity_type": "",
            "enabled_metrics": null,
            "force_delete": false,
            "force_delete_warm_pool": false,
            "health_check_grace_period": 300,
            "health_check_type": "EC2",
            "id": "asg-20240423102847065900000006",
            "ignore_failed_scaling_activities": false,
            "initial_lifecycle_hook": [],
            "instance_maintenance_policy": [],
            "instance_refresh": [],
            "launch_configuration": "",
            "launch_template": [
              {
                "id": "lt-0bd15a82ff64825d3",
                "name": "asg-20240423102830346800000001",
                "version": "1"
              }
            ],
            "load_balancers": [],
            "max_instance_lifetime": 0,
            "max_size": 3,
            "metrics_granularity": "1Minute",
            "min_elb_capacity": null,
            "min_size": 1,
            "mixed_instances_policy": [],
            "name": "asg-20240423102847065900000006",
            "name_prefix": "asg-",
            "placement_group": "",
            "predicted_capacity": 0,
            "protect_from_scale_in": false,
            "service_linked_role_arn": "arn:aws:iam::339712925683:role/aws-service-role/autoscaling.amazonaws.com/AWSServiceRoleForAutoScaling",
            "suspended_processes": null,
            "tag": [
              {
                "key": "Name",
                "propagate_at_launch": true,
                "value": "asg"
              }
            ],
            "target_group_arns": [],
            "termination_policies": [],
            "timeouts": {
              "delete": null,
              "update": null
            },
            "traffic_source": [],
            "vpc_zone_identifier": [
              "subnet-047c4d504b782baba",
              "subnet-096bbb5bf3cae8044",
              "subnet-0ae4962ffed7c183e"
            ],
            "wait_for_capacity_timeout": "10m",
            "wait_for_elb_capacity": null,
            "warm_pool": [],
            "warm_pool_size": 0
          },
          "sensitive_attributes": [],
          "private": "eyJlMmJmYjczMC1lY2FhLTExZTYtOGY4OC0zNDM2M2JjN2M0YzAiOnsiZGVsZXRlIjo2MDAwMDAwMDAwMDAsInVwZGF0ZSI6NjAwMDAwMDAwMDAwfSwic2NoZW1hX3ZlcnNpb24iOiIxIn0=",
          "dependencies": [
            "data.aws_ami.ami",
            "module.autoscaling.aws_iam_instance_profile.this",
            "module.autoscaling.aws_iam_role.this",
            "module.autoscaling.aws_launch_template.this",
            "module.autoscaling.data.aws_iam_policy_document.assume_role_policy",
            "module.autoscaling.data.aws_partition.current",
            "module.vpc.aws_subnet.public",
            "module.vpc.aws_vpc.this",
            "module.vpc.aws_vpc_ipv4_cidr_block_association.this"
          ],
          "create_before_destroy": true
        }
      ]
    },
    {
      "module": "module.autoscaling",
      "mode": "managed",
      "type": "aws_launch_template",
      "name": "this",
      "provider": "provider[\"registry.terraform.io/hashicorp/aws\"]",
      "instances": [
        {
          "index_key": 0,
          "schema_version": 0,
          "attributes": {
            "arn": "arn:aws:ec2:us-east-1:339712925683:launch-template/lt-0bd15a82ff64825d3",
            "block_device_mappings": [],
            "capacity_reservation_specification": [],
            "cpu_options": [],
            "credit_specification": [],
            "default_version": 1,
            "description": "",
            "disable_api_stop": false,
            "disable_api_termination": false,
            "ebs_optimized": "",
            "elastic_gpu_specifications": [],
            "elastic_inference_accelerator": [],
            "enclave_options": [],
            "hibernation_options": [],
            "iam_instance_profile": [],
            "id": "lt-0bd15a82ff64825d3",
            "image_id": "ami-051f8a213df8bc089",
            "instance_initiated_shutdown_behavior": "",
            "instance_market_options": [],
            "instance_requirements": [],
            "instance_type": "t3.micro",
            "kernel_id": "",
            "key_name": "",
            "latest_version": 1,
            "license_specification": [],
            "maintenance_options": [],
            "metadata_options": [],
            "monitoring": [
              {
                "enabled": true
              }
            ],
            "name": "asg-20240423102830346800000001",
            "name_prefix": "asg-",
            "network_interfaces": [],
            "placement": [],
            "private_dns_name_options": [],
            "ram_disk_id": "",
            "security_group_names": null,
            "tag_specifications": [],
            "tags": {
              "Name": "JK"
            },
            "tags_all": {
              "Name": "JK"
            },
            "update_default_version": null,
            "user_data": "",
            "vpc_security_group_ids": null
          },
          "sensitive_attributes": [],
          "private": "bnVsbA==",
          "dependencies": [
            "data.aws_ami.ami",
            "module.autoscaling.aws_iam_instance_profile.this",
            "module.autoscaling.aws_iam_role.this",
            "module.autoscaling.data.aws_iam_policy_document.assume_role_policy",
            "module.autoscaling.data.aws_partition.current"
          ],
          "create_before_destroy": true
        }
      ]
    },
    {
      "module": "module.ec2_instance[\"first\"]",
      "mode": "data",
      "type": "aws_partition",
      "name": "current",
      "provider": "provider[\"registry.terraform.io/hashicorp/aws\"]",
      "instances": [
        {
          "schema_version": 0,
          "attributes": {
            "dns_suffix": "amazonaws.com",
            "id": "aws",
            "partition": "aws",
            "reverse_dns_prefix": "com.amazonaws"
          },
          "sensitive_attributes": []
        }
      ]
    },
    {
      "module": "module.ec2_instance[\"first\"]",
      "mode": "data",
      "type": "aws_ssm_parameter",
      "name": "this",
      "provider": "provider[\"registry.terraform.io/hashicorp/aws\"]",
      "instances": [
        {
          "index_key": 0,
          "schema_version": 0,
          "attributes": {
            "arn": "arn:aws:ssm:us-east-1::parameter/aws/service/ami-amazon-linux-latest/amzn2-ami-hvm-x86_64-gp2",
            "id": "/aws/service/ami-amazon-linux-latest/amzn2-ami-hvm-x86_64-gp2",
            "insecure_value": "ami-045602374a1982480",
            "name": "/aws/service/ami-amazon-linux-latest/amzn2-ami-hvm-x86_64-gp2",
            "type": "String",
            "value": "ami-045602374a1982480",
            "version": 112,
            "with_decryption": true
          },
          "sensitive_attributes": []
        }
      ]
    },
    {
      "module": "module.ec2_instance[\"first\"]",
      "mode": "managed",
      "type": "aws_instance",
      "name": "this",
      "provider": "provider[\"registry.terraform.io/hashicorp/aws\"]",
      "instances": [
        {
          "index_key": 0,
          "schema_version": 1,
          "attributes": {
            "ami": "ami-045602374a1982480",
            "arn": "arn:aws:ec2:us-east-1:339712925683:instance/i-08dbc35c5d281cc79",
            "associate_public_ip_address": false,
            "availability_zone": "us-east-1a",
            "capacity_reservation_specification": [
              {
                "capacity_reservation_preference": "open",
                "capacity_reservation_target": []
              }
            ],
            "cpu_core_count": 1,
            "cpu_options": [
              {
                "amd_sev_snp": "",
                "core_count": 1,
                "threads_per_core": 1
              }
            ],
            "cpu_threads_per_core": 1,
            "credit_specification": [
              {
                "cpu_credits": "standard"
              }
            ],
            "disable_api_stop": false,
            "disable_api_termination": false,
            "ebs_block_device": [],
            "ebs_optimized": false,
            "enclave_options": [
              {
                "enabled": false
              }
            ],
            "ephemeral_block_device": [],
            "get_password_data": false,
            "hibernation": false,
            "host_id": "",
            "host_resource_group_arn": null,
            "iam_instance_profile": "",
            "id": "i-08dbc35c5d281cc79",
            "instance_initiated_shutdown_behavior": "stop",
            "instance_lifecycle": "",
            "instance_market_options": [],
            "instance_state": "running",
            "instance_type": "t2.micro",
            "ipv6_address_count": 0,
            "ipv6_addresses": [],
            "key_name": "",
            "launch_template": [],
            "maintenance_options": [
              {
                "auto_recovery": "default"
              }
            ],
            "metadata_options": [
              {
                "http_endpoint": "enabled",
                "http_protocol_ipv6": "disabled",
                "http_put_response_hop_limit": 1,
                "http_tokens": "optional",
                "instance_metadata_tags": "disabled"
              }
            ],
            "monitoring": true,
            "network_interface": [],
            "outpost_arn": "",
            "password_data": "",
            "placement_group": "",
            "placement_partition_number": 0,
            "primary_network_interface_id": "eni-08a19ff10f4000f6f",
            "private_dns": "ip-10-0-101-18.ec2.internal",
            "private_dns_name_options": [
              {
                "enable_resource_name_dns_a_record": false,
                "enable_resource_name_dns_aaaa_record": false,
                "hostname_type": "ip-name"
              }
            ],
            "private_ip": "10.0.101.18",
            "public_dns": "",
            "public_ip": "",
            "root_block_device": [
              {
                "delete_on_termination": true,
                "device_name": "/dev/xvda",
                "encrypted": false,
                "iops": 100,
                "kms_key_id": "",
                "tags": {},
                "tags_all": {},
                "throughput": 0,
                "volume_id": "vol-0a54a6078f4ba539a",
                "volume_size": 8,
                "volume_type": "gp2"
              }
            ],
            "secondary_private_ips": [],
            "security_groups": [],
            "source_dest_check": true,
            "spot_instance_request_id": "",
            "subnet_id": "subnet-096bbb5bf3cae8044",
            "tags": {
              "Name": "JK"
            },
            "tags_all": {
              "Name": "JK"
            },
            "tenancy": "default",
            "timeouts": {
              "create": null,
              "delete": null,
              "read": null,
              "update": null
            },
            "user_data": null,
            "user_data_base64": null,
            "user_data_replace_on_change": false,
            "volume_tags": {
              "Name": "first"
            },
            "vpc_security_group_ids": [
              "sg-065892cb917c44880"
            ]
          },
          "sensitive_attributes": [],
          "private": "eyJlMmJmYjczMC1lY2FhLTExZTYtOGY4OC0zNDM2M2JjN2M0YzAiOnsiY3JlYXRlIjo2MDAwMDAwMDAwMDAsImRlbGV0ZSI6MTIwMDAwMDAwMDAwMCwicmVhZCI6OTAwMDAwMDAwMDAwLCJ1cGRhdGUiOjYwMDAwMDAwMDAwMH0sInNjaGVtYV92ZXJzaW9uIjoiMSJ9",
          "dependencies": [
            "module.ec2_instance.aws_iam_instance_profile.this",
            "module.ec2_instance.aws_iam_role.this",
            "module.ec2_instance.data.aws_iam_policy_document.assume_role_policy",
            "module.ec2_instance.data.aws_partition.current",
            "module.ec2_instance.data.aws_ssm_parameter.this",
            "module.sg.aws_security_group.this",
            "module.sg.aws_security_group.this_name_prefix",
            "module.vpc.aws_subnet.public",
            "module.vpc.aws_vpc.this",
            "module.vpc.aws_vpc_ipv4_cidr_block_association.this"
          ]
        }
      ]
    },
    {
      "module": "module.ec2_instance[\"second\"]",
      "mode": "data",
      "type": "aws_partition",
      "name": "current",
      "provider": "provider[\"registry.terraform.io/hashicorp/aws\"]",
      "instances": [
        {
          "schema_version": 0,
          "attributes": {
            "dns_suffix": "amazonaws.com",
            "id": "aws",
            "partition": "aws",
            "reverse_dns_prefix": "com.amazonaws"
          },
          "sensitive_attributes": []
        }
      ]
    },
    {
      "module": "module.ec2_instance[\"second\"]",
      "mode": "data",
      "type": "aws_ssm_parameter",
      "name": "this",
      "provider": "provider[\"registry.terraform.io/hashicorp/aws\"]",
      "instances": [
        {
          "index_key": 0,
          "schema_version": 0,
          "attributes": {
            "arn": "arn:aws:ssm:us-east-1::parameter/aws/service/ami-amazon-linux-latest/amzn2-ami-hvm-x86_64-gp2",
            "id": "/aws/service/ami-amazon-linux-latest/amzn2-ami-hvm-x86_64-gp2",
            "insecure_value": "ami-045602374a1982480",
            "name": "/aws/service/ami-amazon-linux-latest/amzn2-ami-hvm-x86_64-gp2",
            "type": "String",
            "value": "ami-045602374a1982480",
            "version": 112,
            "with_decryption": true
          },
          "sensitive_attributes": []
        }
      ]
    },
    {
      "module": "module.ec2_instance[\"second\"]",
      "mode": "managed",
      "type": "aws_instance",
      "name": "this",
      "provider": "provider[\"registry.terraform.io/hashicorp/aws\"]",
      "instances": [
        {
          "index_key": 0,
          "schema_version": 1,
          "attributes": {
            "ami": "ami-045602374a1982480",
            "arn": "arn:aws:ec2:us-east-1:339712925683:instance/i-04222566086606a4e",
            "associate_public_ip_address": false,
            "availability_zone": "us-east-1a",
            "capacity_reservation_specification": [
              {
                "capacity_reservation_preference": "open",
                "capacity_reservation_target": []
              }
            ],
            "cpu_core_count": 1,
            "cpu_options": [
              {
                "amd_sev_snp": "",
                "core_count": 1,
                "threads_per_core": 2
              }
            ],
            "cpu_threads_per_core": 2,
            "credit_specification": [
              {
                "cpu_credits": "unlimited"
              }
            ],
            "disable_api_stop": false,
            "disable_api_termination": false,
            "ebs_block_device": [],
            "ebs_optimized": false,
            "enclave_options": [
              {
                "enabled": false
              }
            ],
            "ephemeral_block_device": [],
            "get_password_data": false,
            "hibernation": false,
            "host_id": "",
            "host_resource_group_arn": null,
            "iam_instance_profile": "",
            "id": "i-04222566086606a4e",
            "instance_initiated_shutdown_behavior": "stop",
            "instance_lifecycle": "",
            "instance_market_options": [],
            "instance_state": "running",
            "instance_type": "t3.micro",
            "ipv6_address_count": 0,
            "ipv6_addresses": [],
            "key_name": "",
            "launch_template": [],
            "maintenance_options": [
              {
                "auto_recovery": "default"
              }
            ],
            "metadata_options": [
              {
                "http_endpoint": "enabled",
                "http_protocol_ipv6": "disabled",
                "http_put_response_hop_limit": 1,
                "http_tokens": "optional",
                "instance_metadata_tags": "disabled"
              }
            ],
            "monitoring": true,
            "network_interface": [],
            "outpost_arn": "",
            "password_data": "",
            "placement_group": "",
            "placement_partition_number": 0,
            "primary_network_interface_id": "eni-026d3f20b0708ca9a",
            "private_dns": "ip-10-0-101-26.ec2.internal",
            "private_dns_name_options": [
              {
                "enable_resource_name_dns_a_record": false,
                "enable_resource_name_dns_aaaa_record": false,
                "hostname_type": "ip-name"
              }
            ],
            "private_ip": "10.0.101.26",
            "public_dns": "",
            "public_ip": "",
            "root_block_device": [
              {
                "delete_on_termination": true,
                "device_name": "/dev/xvda",
                "encrypted": false,
                "iops": 100,
                "kms_key_id": "",
                "tags": {},
                "tags_all": {},
                "throughput": 0,
                "volume_id": "vol-03e8a20164b09787c",
                "volume_size": 8,
                "volume_type": "gp2"
              }
            ],
            "secondary_private_ips": [],
            "security_groups": [],
            "source_dest_check": true,
            "spot_instance_request_id": "",
            "subnet_id": "subnet-096bbb5bf3cae8044",
            "tags": {
              "Name": "JK"
            },
            "tags_all": {
              "Name": "JK"
            },
            "tenancy": "default",
            "timeouts": {
              "create": null,
              "delete": null,
              "read": null,
              "update": null
            },
            "user_data": null,
            "user_data_base64": null,
            "user_data_replace_on_change": false,
            "volume_tags": {
              "Name": "second"
            },
            "vpc_security_group_ids": [
              "sg-065892cb917c44880"
            ]
          },
          "sensitive_attributes": [],
          "private": "eyJlMmJmYjczMC1lY2FhLTExZTYtOGY4OC0zNDM2M2JjN2M0YzAiOnsiY3JlYXRlIjo2MDAwMDAwMDAwMDAsImRlbGV0ZSI6MTIwMDAwMDAwMDAwMCwicmVhZCI6OTAwMDAwMDAwMDAwLCJ1cGRhdGUiOjYwMDAwMDAwMDAwMH0sInNjaGVtYV92ZXJzaW9uIjoiMSJ9",
          "dependencies": [
            "module.ec2_instance.aws_iam_instance_profile.this",
            "module.ec2_instance.aws_iam_role.this",
            "module.ec2_instance.data.aws_iam_policy_document.assume_role_policy",
            "module.ec2_instance.data.aws_partition.current",
            "module.ec2_instance.data.aws_ssm_parameter.this",
            "module.sg.aws_security_group.this",
            "module.sg.aws_security_group.this_name_prefix",
            "module.vpc.aws_subnet.public",
            "module.vpc.aws_vpc.this",
            "module.vpc.aws_vpc_ipv4_cidr_block_association.this"
          ]
        }
      ]
    },
    {
      "module": "module.sg",
      "mode": "managed",
      "type": "aws_security_group",
      "name": "this_name_prefix",
      "provider": "provider[\"registry.terraform.io/hashicorp/aws\"]",
      "instances": [
        {
          "index_key": 0,
          "schema_version": 1,
          "attributes": {
            "arn": "arn:aws:ec2:us-east-1:339712925683:security-group/sg-065892cb917c44880",
            "description": "Security group for user-service with custom ports open within VPC, and PostgreSQL publicly open",
            "egress": [],
            "id": "sg-065892cb917c44880",
            "ingress": [],
            "name": "user-service-20240423102845913600000005",
            "name_prefix": "user-service-",
            "owner_id": "339712925683",
            "revoke_rules_on_delete": false,
            "tags": {
              "Name": "JK"
            },
            "tags_all": {
              "Name": "JK"
            },
            "timeouts": {
              "create": "10m",
              "delete": "15m"
            },
            "vpc_id": "vpc-0a2547f346a961e99"
          },
          "sensitive_attributes": [],
          "private": "eyJlMmJmYjczMC1lY2FhLTExZTYtOGY4OC0zNDM2M2JjN2M0YzAiOnsiY3JlYXRlIjo2MDAwMDAwMDAwMDAsImRlbGV0ZSI6OTAwMDAwMDAwMDAwfSwic2NoZW1hX3ZlcnNpb24iOiIxIn0=",
          "dependencies": [
            "module.vpc.aws_vpc.this"
          ],
          "create_before_destroy": true
        }
      ]
    },
    {
      "module": "module.sg",
      "mode": "managed",
      "type": "aws_security_group_rule",
      "name": "ingress_rules",
      "provider": "provider[\"registry.terraform.io/hashicorp/aws\"]",
      "instances": [
        {
          "index_key": 0,
          "schema_version": 2,
          "attributes": {
            "cidr_blocks": [
              "0.0.0.0/0"
            ],
            "description": "HTTPS",
            "from_port": 443,
            "id": "sgrule-1744547822",
            "ipv6_cidr_blocks": [],
            "prefix_list_ids": [],
            "protocol": "tcp",
            "security_group_id": "sg-065892cb917c44880",
            "security_group_rule_id": "sgr-042464150565d7751",
            "self": false,
            "source_security_group_id": null,
            "timeouts": null,
            "to_port": 443,
            "type": "ingress"
          },
          "sensitive_attributes": [],
          "private": "eyJlMmJmYjczMC1lY2FhLTExZTYtOGY4OC0zNDM2M2JjN2M0YzAiOnsiY3JlYXRlIjozMDAwMDAwMDAwMDB9LCJzY2hlbWFfdmVyc2lvbiI6IjIifQ==",
          "dependencies": [
            "module.sg.aws_security_group.this",
            "module.sg.aws_security_group.this_name_prefix",
            "module.vpc.aws_vpc.this"
          ]
        }
      ]
    },
    {
      "module": "module.sg",
      "mode": "managed",
      "type": "aws_security_group_rule",
      "name": "ingress_with_cidr_blocks",
      "provider": "provider[\"registry.terraform.io/hashicorp/aws\"]",
      "instances": [
        {
          "index_key": 0,
          "schema_version": 2,
          "attributes": {
            "cidr_blocks": [
              "0.0.0.0/0"
            ],
            "description": "User-service ports",
            "from_port": 80,
            "id": "sgrule-1235011722",
            "ipv6_cidr_blocks": null,
            "prefix_list_ids": [],
            "protocol": "tcp",
            "security_group_id": "sg-065892cb917c44880",
            "security_group_rule_id": "sgr-05c5976840d7c27df",
            "self": false,
            "source_security_group_id": null,
            "timeouts": null,
            "to_port": 80,
            "type": "ingress"
          },
          "sensitive_attributes": [],
          "private": "eyJlMmJmYjczMC1lY2FhLTExZTYtOGY4OC0zNDM2M2JjN2M0YzAiOnsiY3JlYXRlIjozMDAwMDAwMDAwMDB9LCJzY2hlbWFfdmVyc2lvbiI6IjIifQ==",
          "dependencies": [
            "module.sg.aws_security_group.this",
            "module.sg.aws_security_group.this_name_prefix",
            "module.vpc.aws_vpc.this"
          ]
        },
        {
          "index_key": 1,
          "schema_version": 2,
          "attributes": {
            "cidr_blocks": [
              "0.0.0.0/0"
            ],
            "description": "Ingress Rule",
            "from_port": 5432,
            "id": "sgrule-328898150",
            "ipv6_cidr_blocks": null,
            "prefix_list_ids": [],
            "protocol": "tcp",
            "security_group_id": "sg-065892cb917c44880",
            "security_group_rule_id": "sgr-093bb106e3fcaa3c7",
            "self": false,
            "source_security_group_id": null,
            "timeouts": null,
            "to_port": 5432,
            "type": "ingress"
          },
          "sensitive_attributes": [],
          "private": "eyJlMmJmYjczMC1lY2FhLTExZTYtOGY4OC0zNDM2M2JjN2M0YzAiOnsiY3JlYXRlIjozMDAwMDAwMDAwMDB9LCJzY2hlbWFfdmVyc2lvbiI6IjIifQ==",
          "dependencies": [
            "module.sg.aws_security_group.this",
            "module.sg.aws_security_group.this_name_prefix",
            "module.vpc.aws_vpc.this"
          ]
        }
      ]
    },
    {
      "module": "module.vpc",
      "mode": "managed",
      "type": "aws_default_network_acl",
      "name": "this",
      "provider": "provider[\"registry.terraform.io/hashicorp/aws\"]",
      "instances": [
        {
          "index_key": 0,
          "schema_version": 0,
          "attributes": {
            "arn": "arn:aws:ec2:us-east-1:339712925683:network-acl/acl-04571dd9d7ab87847",
            "default_network_acl_id": "acl-04571dd9d7ab87847",
            "egress": [
              {
                "action": "allow",
                "cidr_block": "",
                "from_port": 0,
                "icmp_code": null,
                "icmp_type": null,
                "ipv6_cidr_block": "::/0",
                "protocol": "-1",
                "rule_no": 101,
                "to_port": 0
              },
              {
                "action": "allow",
                "cidr_block": "0.0.0.0/0",
                "from_port": 0,
                "icmp_code": null,
                "icmp_type": null,
                "ipv6_cidr_block": "",
                "protocol": "-1",
                "rule_no": 100,
                "to_port": 0
              }
            ],
            "id": "acl-04571dd9d7ab87847",
            "ingress": [
              {
                "action": "allow",
                "cidr_block": "",
                "from_port": 0,
                "icmp_code": null,
                "icmp_type": null,
                "ipv6_cidr_block": "::/0",
                "protocol": "-1",
                "rule_no": 101,
                "to_port": 0
              },
              {
                "action": "allow",
                "cidr_block": "0.0.0.0/0",
                "from_port": 0,
                "icmp_code": null,
                "icmp_type": null,
                "ipv6_cidr_block": "",
                "protocol": "-1",
                "rule_no": 100,
                "to_port": 0
              }
            ],
            "owner_id": "339712925683",
            "subnet_ids": [
              "subnet-038de5d706478c7ea",
              "subnet-047c4d504b782baba",
              "subnet-0894aade5e20c9611",
              "subnet-096bbb5bf3cae8044",
              "subnet-0ae4962ffed7c183e",
              "subnet-0b549e619a96a9f90"
            ],
            "tags": {
              "Name": "JK"
            },
            "tags_all": {
              "Name": "JK"
            },
            "vpc_id": "vpc-0a2547f346a961e99"
          },
          "sensitive_attributes": [],
          "private": "bnVsbA==",
          "dependencies": [
            "module.vpc.aws_vpc.this"
          ]
        }
      ]
    },
    {
      "module": "module.vpc",
      "mode": "managed",
      "type": "aws_default_route_table",
      "name": "default",
      "provider": "provider[\"registry.terraform.io/hashicorp/aws\"]",
      "instances": [
        {
          "index_key": 0,
          "schema_version": 0,
          "attributes": {
            "arn": "arn:aws:ec2:us-east-1:339712925683:route-table/rtb-08cbc329d8b3661c3",
            "default_route_table_id": "rtb-08cbc329d8b3661c3",
            "id": "rtb-08cbc329d8b3661c3",
            "owner_id": "339712925683",
            "propagating_vgws": null,
            "route": [],
            "tags": {
              "Name": "JK"
            },
            "tags_all": {
              "Name": "JK"
            },
            "timeouts": {
              "create": "5m",
              "update": "5m"
            },
            "vpc_id": "vpc-0a2547f346a961e99"
          },
          "sensitive_attributes": [],
          "private": "eyJlMmJmYjczMC1lY2FhLTExZTYtOGY4OC0zNDM2M2JjN2M0YzAiOnsiY3JlYXRlIjozMDAwMDAwMDAwMDAsInVwZGF0ZSI6MzAwMDAwMDAwMDAwfX0=",
          "dependencies": [
            "module.vpc.aws_vpc.this"
          ]
        }
      ]
    },
    {
      "module": "module.vpc",
      "mode": "managed",
      "type": "aws_default_security_group",
      "name": "this",
      "provider": "provider[\"registry.terraform.io/hashicorp/aws\"]",
      "instances": [
        {
          "index_key": 0,
          "schema_version": 1,
          "attributes": {
            "arn": "arn:aws:ec2:us-east-1:339712925683:security-group/sg-00cafb3763afd5ad1",
            "description": "default VPC security group",
            "egress": [],
            "id": "sg-00cafb3763afd5ad1",
            "ingress": [],
            "name": "default",
            "name_prefix": "",
            "owner_id": "339712925683",
            "revoke_rules_on_delete": false,
            "tags": {
              "Name": "JK"
            },
            "tags_all": {
              "Name": "JK"
            },
            "vpc_id": "vpc-0a2547f346a961e99"
          },
          "sensitive_attributes": [],
          "private": "eyJzY2hlbWFfdmVyc2lvbiI6IjEifQ==",
          "dependencies": [
            "module.vpc.aws_vpc.this"
          ]
        }
      ]
    },
    {
      "module": "module.vpc",
      "mode": "managed",
      "type": "aws_eip",
      "name": "nat",
      "provider": "provider[\"registry.terraform.io/hashicorp/aws\"]",
      "instances": [
        {
          "index_key": 0,
          "schema_version": 0,
          "attributes": {
            "address": null,
            "allocation_id": "eipalloc-02aa335f54508d694",
            "associate_with_private_ip": null,
            "association_id": "",
            "carrier_ip": "",
            "customer_owned_ip": "",
            "customer_owned_ipv4_pool": "",
            "domain": "vpc",
            "id": "eipalloc-02aa335f54508d694",
            "instance": "",
            "network_border_group": "us-east-1",
            "network_interface": "",
            "private_dns": null,
            "private_ip": "",
            "ptr_record": "",
            "public_dns": "ec2-3-219-230-30.compute-1.amazonaws.com",
            "public_ip": "3.219.230.30",
            "public_ipv4_pool": "amazon",
            "tags": {
              "Name": "JK"
            },
            "tags_all": {
              "Name": "JK"
            },
            "timeouts": null,
            "vpc": true
          },
          "sensitive_attributes": [],
          "private": "eyJlMmJmYjczMC1lY2FhLTExZTYtOGY4OC0zNDM2M2JjN2M0YzAiOnsiZGVsZXRlIjoxODAwMDAwMDAwMDAsInJlYWQiOjkwMDAwMDAwMDAwMCwidXBkYXRlIjozMDAwMDAwMDAwMDB9fQ==",
          "dependencies": [
            "module.vpc.aws_internet_gateway.this",
            "module.vpc.aws_vpc.this",
            "module.vpc.aws_vpc_ipv4_cidr_block_association.this"
          ]
        }
      ]
    },
    {
      "module": "module.vpc",
      "mode": "managed",
      "type": "aws_internet_gateway",
      "name": "this",
      "provider": "provider[\"registry.terraform.io/hashicorp/aws\"]",
      "instances": [
        {
          "index_key": 0,
          "schema_version": 0,
          "attributes": {
            "arn": "arn:aws:ec2:us-east-1:339712925683:internet-gateway/igw-02c9ad9d1cd1e58c4",
            "id": "igw-02c9ad9d1cd1e58c4",
            "owner_id": "339712925683",
            "tags": {
              "Name": "JK"
            },
            "tags_all": {
              "Name": "JK"
            },
            "timeouts": null,
            "vpc_id": "vpc-0a2547f346a961e99"
          },
          "sensitive_attributes": [],
          "private": "eyJlMmJmYjczMC1lY2FhLTExZTYtOGY4OC0zNDM2M2JjN2M0YzAiOnsiY3JlYXRlIjoxMjAwMDAwMDAwMDAwLCJkZWxldGUiOjEyMDAwMDAwMDAwMDAsInVwZGF0ZSI6MTIwMDAwMDAwMDAwMH19",
          "dependencies": [
            "module.vpc.aws_vpc.this",
            "module.vpc.aws_vpc_ipv4_cidr_block_association.this"
          ]
        }
      ]
    },
    {
      "module": "module.vpc",
      "mode": "managed",
      "type": "aws_nat_gateway",
      "name": "this",
      "provider": "provider[\"registry.terraform.io/hashicorp/aws\"]",
      "instances": [
        {
          "index_key": 0,
          "schema_version": 0,
          "attributes": {
            "allocation_id": "eipalloc-02aa335f54508d694",
            "association_id": "eipassoc-06019b6739472fb0b",
            "connectivity_type": "public",
            "id": "nat-0b0c13507d18286d1",
            "network_interface_id": "eni-0d39802a650bc4ad7",
            "private_ip": "10.0.101.225",
            "public_ip": "3.219.230.30",
            "secondary_allocation_ids": null,
            "secondary_private_ip_address_count": 0,
            "secondary_private_ip_addresses": [],
            "subnet_id": "subnet-096bbb5bf3cae8044",
            "tags": {
              "Name": "JK"
            },
            "tags_all": {
              "Name": "JK"
            },
            "timeouts": null
          },
          "sensitive_attributes": [],
          "private": "eyJlMmJmYjczMC1lY2FhLTExZTYtOGY4OC0zNDM2M2JjN2M0YzAiOnsiY3JlYXRlIjo2MDAwMDAwMDAwMDAsImRlbGV0ZSI6MTgwMDAwMDAwMDAwMCwidXBkYXRlIjo2MDAwMDAwMDAwMDB9fQ==",
          "dependencies": [
            "module.vpc.aws_eip.nat",
            "module.vpc.aws_internet_gateway.this",
            "module.vpc.aws_subnet.public",
            "module.vpc.aws_vpc.this",
            "module.vpc.aws_vpc_ipv4_cidr_block_association.this"
          ]
        }
      ]
    },
    {
      "module": "module.vpc",
      "mode": "managed",
      "type": "aws_route",
      "name": "private_nat_gateway",
      "provider": "provider[\"registry.terraform.io/hashicorp/aws\"]",
      "instances": [
        {
          "index_key": 0,
          "schema_version": 0,
          "attributes": {
            "carrier_gateway_id": "",
            "core_network_arn": "",
            "destination_cidr_block": "0.0.0.0/0",
            "destination_ipv6_cidr_block": "",
            "destination_prefix_list_id": "",
            "egress_only_gateway_id": "",
            "gateway_id": "",
            "id": "r-rtb-0613742e551214f151080289494",
            "instance_id": "",
            "instance_owner_id": "",
            "local_gateway_id": "",
            "nat_gateway_id": "nat-0b0c13507d18286d1",
            "network_interface_id": "",
            "origin": "CreateRoute",
            "route_table_id": "rtb-0613742e551214f15",
            "state": "active",
            "timeouts": {
              "create": "5m",
              "delete": null,
              "update": null
            },
            "transit_gateway_id": "",
            "vpc_endpoint_id": "",
            "vpc_peering_connection_id": ""
          },
          "sensitive_attributes": [],
          "private": "eyJlMmJmYjczMC1lY2FhLTExZTYtOGY4OC0zNDM2M2JjN2M0YzAiOnsiY3JlYXRlIjozMDAwMDAwMDAwMDAsImRlbGV0ZSI6MzAwMDAwMDAwMDAwLCJ1cGRhdGUiOjEyMDAwMDAwMDAwMH19",
          "dependencies": [
            "module.vpc.aws_eip.nat",
            "module.vpc.aws_internet_gateway.this",
            "module.vpc.aws_nat_gateway.this",
            "module.vpc.aws_route_table.private",
            "module.vpc.aws_subnet.public",
            "module.vpc.aws_vpc.this",
            "module.vpc.aws_vpc_ipv4_cidr_block_association.this"
          ]
        }
      ]
    },
    {
      "module": "module.vpc",
      "mode": "managed",
      "type": "aws_route",
      "name": "public_internet_gateway",
      "provider": "provider[\"registry.terraform.io/hashicorp/aws\"]",
      "instances": [
        {
          "index_key": 0,
          "schema_version": 0,
          "attributes": {
            "carrier_gateway_id": "",
            "core_network_arn": "",
            "destination_cidr_block": "0.0.0.0/0",
            "destination_ipv6_cidr_block": "",
            "destination_prefix_list_id": "",
            "egress_only_gateway_id": "",
            "gateway_id": "igw-02c9ad9d1cd1e58c4",
            "id": "r-rtb-0c08f4943b802f4271080289494",
            "instance_id": "",
            "instance_owner_id": "",
            "local_gateway_id": "",
            "nat_gateway_id": "",
            "network_interface_id": "",
            "origin": "CreateRoute",
            "route_table_id": "rtb-0c08f4943b802f427",
            "state": "active",
            "timeouts": {
              "create": "5m",
              "delete": null,
              "update": null
            },
            "transit_gateway_id": "",
            "vpc_endpoint_id": "",
            "vpc_peering_connection_id": ""
          },
          "sensitive_attributes": [],
          "private": "eyJlMmJmYjczMC1lY2FhLTExZTYtOGY4OC0zNDM2M2JjN2M0YzAiOnsiY3JlYXRlIjozMDAwMDAwMDAwMDAsImRlbGV0ZSI6MzAwMDAwMDAwMDAwLCJ1cGRhdGUiOjEyMDAwMDAwMDAwMH19",
          "dependencies": [
            "module.vpc.aws_internet_gateway.this",
            "module.vpc.aws_route_table.public",
            "module.vpc.aws_vpc.this",
            "module.vpc.aws_vpc_ipv4_cidr_block_association.this"
          ]
        }
      ]
    },
    {
      "module": "module.vpc",
      "mode": "managed",
      "type": "aws_route_table",
      "name": "private",
      "provider": "provider[\"registry.terraform.io/hashicorp/aws\"]",
      "instances": [
        {
          "index_key": 0,
          "schema_version": 0,
          "attributes": {
            "arn": "arn:aws:ec2:us-east-1:339712925683:route-table/rtb-0613742e551214f15",
            "id": "rtb-0613742e551214f15",
            "owner_id": "339712925683",
            "propagating_vgws": [],
            "route": [],
            "tags": {
              "Name": "JK"
            },
            "tags_all": {
              "Name": "JK"
            },
            "timeouts": null,
            "vpc_id": "vpc-0a2547f346a961e99"
          },
          "sensitive_attributes": [],
          "private": "eyJlMmJmYjczMC1lY2FhLTExZTYtOGY4OC0zNDM2M2JjN2M0YzAiOnsiY3JlYXRlIjozMDAwMDAwMDAwMDAsImRlbGV0ZSI6MzAwMDAwMDAwMDAwLCJ1cGRhdGUiOjEyMDAwMDAwMDAwMH19",
          "dependencies": [
            "module.vpc.aws_vpc.this",
            "module.vpc.aws_vpc_ipv4_cidr_block_association.this"
          ]
        }
      ]
    },
    {
      "module": "module.vpc",
      "mode": "managed",
      "type": "aws_route_table",
      "name": "public",
      "provider": "provider[\"registry.terraform.io/hashicorp/aws\"]",
      "instances": [
        {
          "index_key": 0,
          "schema_version": 0,
          "attributes": {
            "arn": "arn:aws:ec2:us-east-1:339712925683:route-table/rtb-0c08f4943b802f427",
            "id": "rtb-0c08f4943b802f427",
            "owner_id": "339712925683",
            "propagating_vgws": [],
            "route": [],
            "tags": {
              "Name": "JK"
            },
            "tags_all": {
              "Name": "JK"
            },
            "timeouts": null,
            "vpc_id": "vpc-0a2547f346a961e99"
          },
          "sensitive_attributes": [],
          "private": "eyJlMmJmYjczMC1lY2FhLTExZTYtOGY4OC0zNDM2M2JjN2M0YzAiOnsiY3JlYXRlIjozMDAwMDAwMDAwMDAsImRlbGV0ZSI6MzAwMDAwMDAwMDAwLCJ1cGRhdGUiOjEyMDAwMDAwMDAwMH19",
          "dependencies": [
            "module.vpc.aws_vpc.this",
            "module.vpc.aws_vpc_ipv4_cidr_block_association.this"
          ]
        }
      ]
    },
    {
      "module": "module.vpc",
      "mode": "managed",
      "type": "aws_route_table_association",
      "name": "private",
      "provider": "provider[\"registry.terraform.io/hashicorp/aws\"]",
      "instances": [
        {
          "index_key": 0,
          "schema_version": 0,
          "attributes": {
            "gateway_id": "",
            "id": "rtbassoc-0a645cf7b3cbfd744",
            "route_table_id": "rtb-0613742e551214f15",
            "subnet_id": "subnet-0894aade5e20c9611",
            "timeouts": null
          },
          "sensitive_attributes": [],
          "private": "eyJlMmJmYjczMC1lY2FhLTExZTYtOGY4OC0zNDM2M2JjN2M0YzAiOnsiY3JlYXRlIjozMDAwMDAwMDAwMDAsImRlbGV0ZSI6MzAwMDAwMDAwMDAwLCJ1cGRhdGUiOjEyMDAwMDAwMDAwMH19",
          "dependencies": [
            "module.vpc.aws_route_table.private",
            "module.vpc.aws_subnet.private",
            "module.vpc.aws_vpc.this",
            "module.vpc.aws_vpc_ipv4_cidr_block_association.this"
          ]
        },
        {
          "index_key": 1,
          "schema_version": 0,
          "attributes": {
            "gateway_id": "",
            "id": "rtbassoc-074ff35baea022722",
            "route_table_id": "rtb-0613742e551214f15",
            "subnet_id": "subnet-0b549e619a96a9f90",
            "timeouts": null
          },
          "sensitive_attributes": [],
          "private": "eyJlMmJmYjczMC1lY2FhLTExZTYtOGY4OC0zNDM2M2JjN2M0YzAiOnsiY3JlYXRlIjozMDAwMDAwMDAwMDAsImRlbGV0ZSI6MzAwMDAwMDAwMDAwLCJ1cGRhdGUiOjEyMDAwMDAwMDAwMH19",
          "dependencies": [
            "module.vpc.aws_route_table.private",
            "module.vpc.aws_subnet.private",
            "module.vpc.aws_vpc.this",
            "module.vpc.aws_vpc_ipv4_cidr_block_association.this"
          ]
        },
        {
          "index_key": 2,
          "schema_version": 0,
          "attributes": {
            "gateway_id": "",
            "id": "rtbassoc-067c20c2e7cc61721",
            "route_table_id": "rtb-0613742e551214f15",
            "subnet_id": "subnet-038de5d706478c7ea",
            "timeouts": null
          },
          "sensitive_attributes": [],
          "private": "eyJlMmJmYjczMC1lY2FhLTExZTYtOGY4OC0zNDM2M2JjN2M0YzAiOnsiY3JlYXRlIjozMDAwMDAwMDAwMDAsImRlbGV0ZSI6MzAwMDAwMDAwMDAwLCJ1cGRhdGUiOjEyMDAwMDAwMDAwMH19",
          "dependencies": [
            "module.vpc.aws_route_table.private",
            "module.vpc.aws_subnet.private",
            "module.vpc.aws_vpc.this",
            "module.vpc.aws_vpc_ipv4_cidr_block_association.this"
          ]
        }
      ]
    },
    {
      "module": "module.vpc",
      "mode": "managed",
      "type": "aws_route_table_association",
      "name": "public",
      "provider": "provider[\"registry.terraform.io/hashicorp/aws\"]",
      "instances": [
        {
          "index_key": 0,
          "schema_version": 0,
          "attributes": {
            "gateway_id": "",
            "id": "rtbassoc-0f2b27f00fabcab8d",
            "route_table_id": "rtb-0c08f4943b802f427",
            "subnet_id": "subnet-096bbb5bf3cae8044",
            "timeouts": null
          },
          "sensitive_attributes": [],
          "private": "eyJlMmJmYjczMC1lY2FhLTExZTYtOGY4OC0zNDM2M2JjN2M0YzAiOnsiY3JlYXRlIjozMDAwMDAwMDAwMDAsImRlbGV0ZSI6MzAwMDAwMDAwMDAwLCJ1cGRhdGUiOjEyMDAwMDAwMDAwMH19",
          "dependencies": [
            "module.vpc.aws_route_table.public",
            "module.vpc.aws_subnet.public",
            "module.vpc.aws_vpc.this",
            "module.vpc.aws_vpc_ipv4_cidr_block_association.this"
          ]
        },
        {
          "index_key": 1,
          "schema_version": 0,
          "attributes": {
            "gateway_id": "",
            "id": "rtbassoc-08aecaa1e51a1c7de",
            "route_table_id": "rtb-0c08f4943b802f427",
            "subnet_id": "subnet-047c4d504b782baba",
            "timeouts": null
          },
          "sensitive_attributes": [],
          "private": "eyJlMmJmYjczMC1lY2FhLTExZTYtOGY4OC0zNDM2M2JjN2M0YzAiOnsiY3JlYXRlIjozMDAwMDAwMDAwMDAsImRlbGV0ZSI6MzAwMDAwMDAwMDAwLCJ1cGRhdGUiOjEyMDAwMDAwMDAwMH19",
          "dependencies": [
            "module.vpc.aws_route_table.public",
            "module.vpc.aws_subnet.public",
            "module.vpc.aws_vpc.this",
            "module.vpc.aws_vpc_ipv4_cidr_block_association.this"
          ]
        },
        {
          "index_key": 2,
          "schema_version": 0,
          "attributes": {
            "gateway_id": "",
            "id": "rtbassoc-0e326839ec898947a",
            "route_table_id": "rtb-0c08f4943b802f427",
            "subnet_id": "subnet-0ae4962ffed7c183e",
            "timeouts": null
          },
          "sensitive_attributes": [],
          "private": "eyJlMmJmYjczMC1lY2FhLTExZTYtOGY4OC0zNDM2M2JjN2M0YzAiOnsiY3JlYXRlIjozMDAwMDAwMDAwMDAsImRlbGV0ZSI6MzAwMDAwMDAwMDAwLCJ1cGRhdGUiOjEyMDAwMDAwMDAwMH19",
          "dependencies": [
            "module.vpc.aws_route_table.public",
            "module.vpc.aws_subnet.public",
            "module.vpc.aws_vpc.this",
            "module.vpc.aws_vpc_ipv4_cidr_block_association.this"
          ]
        }
      ]
    },
    {
      "module": "module.vpc",
      "mode": "managed",
      "type": "aws_subnet",
      "name": "private",
      "provider": "provider[\"registry.terraform.io/hashicorp/aws\"]",
      "instances": [
        {
          "index_key": 0,
          "schema_version": 1,
          "attributes": {
            "arn": "arn:aws:ec2:us-east-1:339712925683:subnet/subnet-0894aade5e20c9611",
            "assign_ipv6_address_on_creation": false,
            "availability_zone": "us-east-1a",
            "availability_zone_id": "use1-az2",
            "cidr_block": "10.0.1.0/24",
            "customer_owned_ipv4_pool": "",
            "enable_dns64": false,
            "enable_lni_at_device_index": 0,
            "enable_resource_name_dns_a_record_on_launch": false,
            "enable_resource_name_dns_aaaa_record_on_launch": false,
            "id": "subnet-0894aade5e20c9611",
            "ipv6_cidr_block": "",
            "ipv6_cidr_block_association_id": "",
            "ipv6_native": false,
            "map_customer_owned_ip_on_launch": false,
            "map_public_ip_on_launch": false,
            "outpost_arn": "",
            "owner_id": "339712925683",
            "private_dns_hostname_type_on_launch": "ip-name",
            "tags": {
              "Name": "JK"
            },
            "tags_all": {
              "Name": "JK"
            },
            "timeouts": null,
            "vpc_id": "vpc-0a2547f346a961e99"
          },
          "sensitive_attributes": [],
          "private": "eyJlMmJmYjczMC1lY2FhLTExZTYtOGY4OC0zNDM2M2JjN2M0YzAiOnsiY3JlYXRlIjo2MDAwMDAwMDAwMDAsImRlbGV0ZSI6MTIwMDAwMDAwMDAwMH0sInNjaGVtYV92ZXJzaW9uIjoiMSJ9",
          "dependencies": [
            "module.vpc.aws_vpc.this",
            "module.vpc.aws_vpc_ipv4_cidr_block_association.this"
          ]
        },
        {
          "index_key": 1,
          "schema_version": 1,
          "attributes": {
            "arn": "arn:aws:ec2:us-east-1:339712925683:subnet/subnet-0b549e619a96a9f90",
            "assign_ipv6_address_on_creation": false,
            "availability_zone": "us-east-1b",
            "availability_zone_id": "use1-az4",
            "cidr_block": "10.0.2.0/24",
            "customer_owned_ipv4_pool": "",
            "enable_dns64": false,
            "enable_lni_at_device_index": 0,
            "enable_resource_name_dns_a_record_on_launch": false,
            "enable_resource_name_dns_aaaa_record_on_launch": false,
            "id": "subnet-0b549e619a96a9f90",
            "ipv6_cidr_block": "",
            "ipv6_cidr_block_association_id": "",
            "ipv6_native": false,
            "map_customer_owned_ip_on_launch": false,
            "map_public_ip_on_launch": false,
            "outpost_arn": "",
            "owner_id": "339712925683",
            "private_dns_hostname_type_on_launch": "ip-name",
            "tags": {
              "Name": "JK"
            },
            "tags_all": {
              "Name": "JK"
            },
            "timeouts": null,
            "vpc_id": "vpc-0a2547f346a961e99"
          },
          "sensitive_attributes": [],
          "private": "eyJlMmJmYjczMC1lY2FhLTExZTYtOGY4OC0zNDM2M2JjN2M0YzAiOnsiY3JlYXRlIjo2MDAwMDAwMDAwMDAsImRlbGV0ZSI6MTIwMDAwMDAwMDAwMH0sInNjaGVtYV92ZXJzaW9uIjoiMSJ9",
          "dependencies": [
            "module.vpc.aws_vpc.this",
            "module.vpc.aws_vpc_ipv4_cidr_block_association.this"
          ]
        },
        {
          "index_key": 2,
          "schema_version": 1,
          "attributes": {
            "arn": "arn:aws:ec2:us-east-1:339712925683:subnet/subnet-038de5d706478c7ea",
            "assign_ipv6_address_on_creation": false,
            "availability_zone": "us-east-1c",
            "availability_zone_id": "use1-az6",
            "cidr_block": "10.0.3.0/24",
            "customer_owned_ipv4_pool": "",
            "enable_dns64": false,
            "enable_lni_at_device_index": 0,
            "enable_resource_name_dns_a_record_on_launch": false,
            "enable_resource_name_dns_aaaa_record_on_launch": false,
            "id": "subnet-038de5d706478c7ea",
            "ipv6_cidr_block": "",
            "ipv6_cidr_block_association_id": "",
            "ipv6_native": false,
            "map_customer_owned_ip_on_launch": false,
            "map_public_ip_on_launch": false,
            "outpost_arn": "",
            "owner_id": "339712925683",
            "private_dns_hostname_type_on_launch": "ip-name",
            "tags": {
              "Name": "JK"
            },
            "tags_all": {
              "Name": "JK"
            },
            "timeouts": null,
            "vpc_id": "vpc-0a2547f346a961e99"
          },
          "sensitive_attributes": [],
          "private": "eyJlMmJmYjczMC1lY2FhLTExZTYtOGY4OC0zNDM2M2JjN2M0YzAiOnsiY3JlYXRlIjo2MDAwMDAwMDAwMDAsImRlbGV0ZSI6MTIwMDAwMDAwMDAwMH0sInNjaGVtYV92ZXJzaW9uIjoiMSJ9",
          "dependencies": [
            "module.vpc.aws_vpc.this",
            "module.vpc.aws_vpc_ipv4_cidr_block_association.this"
          ]
        }
      ]
    },
    {
      "module": "module.vpc",
      "mode": "managed",
      "type": "aws_subnet",
      "name": "public",
      "provider": "provider[\"registry.terraform.io/hashicorp/aws\"]",
      "instances": [
        {
          "index_key": 0,
          "schema_version": 1,
          "attributes": {
            "arn": "arn:aws:ec2:us-east-1:339712925683:subnet/subnet-096bbb5bf3cae8044",
            "assign_ipv6_address_on_creation": false,
            "availability_zone": "us-east-1a",
            "availability_zone_id": "use1-az2",
            "cidr_block": "10.0.101.0/24",
            "customer_owned_ipv4_pool": "",
            "enable_dns64": false,
            "enable_lni_at_device_index": 0,
            "enable_resource_name_dns_a_record_on_launch": false,
            "enable_resource_name_dns_aaaa_record_on_launch": false,
            "id": "subnet-096bbb5bf3cae8044",
            "ipv6_cidr_block": "",
            "ipv6_cidr_block_association_id": "",
            "ipv6_native": false,
            "map_customer_owned_ip_on_launch": false,
            "map_public_ip_on_launch": false,
            "outpost_arn": "",
            "owner_id": "339712925683",
            "private_dns_hostname_type_on_launch": "ip-name",
            "tags": {
              "Name": "JK"
            },
            "tags_all": {
              "Name": "JK"
            },
            "timeouts": null,
            "vpc_id": "vpc-0a2547f346a961e99"
          },
          "sensitive_attributes": [],
          "private": "eyJlMmJmYjczMC1lY2FhLTExZTYtOGY4OC0zNDM2M2JjN2M0YzAiOnsiY3JlYXRlIjo2MDAwMDAwMDAwMDAsImRlbGV0ZSI6MTIwMDAwMDAwMDAwMH0sInNjaGVtYV92ZXJzaW9uIjoiMSJ9",
          "dependencies": [
            "module.vpc.aws_vpc.this",
            "module.vpc.aws_vpc_ipv4_cidr_block_association.this"
          ],
          "create_before_destroy": true
        },
        {
          "index_key": 1,
          "schema_version": 1,
          "attributes": {
            "arn": "arn:aws:ec2:us-east-1:339712925683:subnet/subnet-047c4d504b782baba",
            "assign_ipv6_address_on_creation": false,
            "availability_zone": "us-east-1b",
            "availability_zone_id": "use1-az4",
            "cidr_block": "10.0.102.0/24",
            "customer_owned_ipv4_pool": "",
            "enable_dns64": false,
            "enable_lni_at_device_index": 0,
            "enable_resource_name_dns_a_record_on_launch": false,
            "enable_resource_name_dns_aaaa_record_on_launch": false,
            "id": "subnet-047c4d504b782baba",
            "ipv6_cidr_block": "",
            "ipv6_cidr_block_association_id": "",
            "ipv6_native": false,
            "map_customer_owned_ip_on_launch": false,
            "map_public_ip_on_launch": false,
            "outpost_arn": "",
            "owner_id": "339712925683",
            "private_dns_hostname_type_on_launch": "ip-name",
            "tags": {
              "Name": "JK"
            },
            "tags_all": {
              "Name": "JK"
            },
            "timeouts": null,
            "vpc_id": "vpc-0a2547f346a961e99"
          },
          "sensitive_attributes": [],
          "private": "eyJlMmJmYjczMC1lY2FhLTExZTYtOGY4OC0zNDM2M2JjN2M0YzAiOnsiY3JlYXRlIjo2MDAwMDAwMDAwMDAsImRlbGV0ZSI6MTIwMDAwMDAwMDAwMH0sInNjaGVtYV92ZXJzaW9uIjoiMSJ9",
          "dependencies": [
            "module.vpc.aws_vpc.this",
            "module.vpc.aws_vpc_ipv4_cidr_block_association.this"
          ],
          "create_before_destroy": true
        },
        {
          "index_key": 2,
          "schema_version": 1,
          "attributes": {
            "arn": "arn:aws:ec2:us-east-1:339712925683:subnet/subnet-0ae4962ffed7c183e",
            "assign_ipv6_address_on_creation": false,
            "availability_zone": "us-east-1c",
            "availability_zone_id": "use1-az6",
            "cidr_block": "10.0.103.0/24",
            "customer_owned_ipv4_pool": "",
            "enable_dns64": false,
            "enable_lni_at_device_index": 0,
            "enable_resource_name_dns_a_record_on_launch": false,
            "enable_resource_name_dns_aaaa_record_on_launch": false,
            "id": "subnet-0ae4962ffed7c183e",
            "ipv6_cidr_block": "",
            "ipv6_cidr_block_association_id": "",
            "ipv6_native": false,
            "map_customer_owned_ip_on_launch": false,
            "map_public_ip_on_launch": false,
            "outpost_arn": "",
            "owner_id": "339712925683",
            "private_dns_hostname_type_on_launch": "ip-name",
            "tags": {
              "Name": "JK"
            },
            "tags_all": {
              "Name": "JK"
            },
            "timeouts": null,
            "vpc_id": "vpc-0a2547f346a961e99"
          },
          "sensitive_attributes": [],
          "private": "eyJlMmJmYjczMC1lY2FhLTExZTYtOGY4OC0zNDM2M2JjN2M0YzAiOnsiY3JlYXRlIjo2MDAwMDAwMDAwMDAsImRlbGV0ZSI6MTIwMDAwMDAwMDAwMH0sInNjaGVtYV92ZXJzaW9uIjoiMSJ9",
          "dependencies": [
            "module.vpc.aws_vpc.this",
            "module.vpc.aws_vpc_ipv4_cidr_block_association.this"
          ],
          "create_before_destroy": true
        }
      ]
    },
    {
      "module": "module.vpc",
      "mode": "managed",
      "type": "aws_vpc",
      "name": "this",
      "provider": "provider[\"registry.terraform.io/hashicorp/aws\"]",
      "instances": [
        {
          "index_key": 0,
          "schema_version": 1,
          "attributes": {
            "arn": "arn:aws:ec2:us-east-1:339712925683:vpc/vpc-0a2547f346a961e99",
            "assign_generated_ipv6_cidr_block": false,
            "cidr_block": "10.0.0.0/16",
            "default_network_acl_id": "acl-04571dd9d7ab87847",
            "default_route_table_id": "rtb-08cbc329d8b3661c3",
            "default_security_group_id": "sg-00cafb3763afd5ad1",
            "dhcp_options_id": "dopt-082bef44397f7f21d",
            "enable_dns_hostnames": true,
            "enable_dns_support": true,
            "enable_network_address_usage_metrics": false,
            "id": "vpc-0a2547f346a961e99",
            "instance_tenancy": "default",
            "ipv4_ipam_pool_id": null,
            "ipv4_netmask_length": null,
            "ipv6_association_id": "",
            "ipv6_cidr_block": "",
            "ipv6_cidr_block_network_border_group": "",
            "ipv6_ipam_pool_id": "",
            "ipv6_netmask_length": 0,
            "main_route_table_id": "rtb-08cbc329d8b3661c3",
            "owner_id": "339712925683",
            "tags": {
              "Name": "JK"
            },
            "tags_all": {
              "Name": "JK"
            }
          },
          "sensitive_attributes": [],
          "private": "eyJzY2hlbWFfdmVyc2lvbiI6IjEifQ==",
          "create_before_destroy": true
        }
      ]
    }
  ],
  "check_results": null
}
